
Microsoft Visual Studio Solution File, Format Version 12.00
# Visual Studio Version 17
VisualStudioVersion = 17.1.32421.90
MinimumVisualStudioVersion = 10.0.40219.1
Project("{FAE04EC0-301F-11D3-BF4B-00C04F79EFBC}") = "ECL", "ECL.csproj", "{DBF48327-E1FD-4606-9A7D-9992F292ADEB}"
EndProject
Project("{2150E333-8FDC-42A3-9474-1A3956D46DE8}") = "Solution Items", "Solution Items", "{F7DFE9EE-2583-42E6-B279-D983884A0300}"
EndProject
Global
	GlobalSection(SolutionConfigurationPlatforms) = preSolution
		Debug|Any CPU = Debug|Any CPU
		Release|Any CPU = Release|Any CPU
	EndGlobalSection
	GlobalSection(ProjectConfigurationPlatforms) = postSolution
		{DBF48327-E1FD-4606-9A7D-9992F292ADEB}.Debug|Any CPU.ActiveCfg = Debug|Any CPU
		{DBF48327-E1FD-4606-9A7D-9992F292ADEB}.Debug|Any CPU.Build.0 = Debug|Any CPU
		{DBF48327-E1FD-4606-9A7D-9992F292ADEB}.Release|Any CPU.ActiveCfg = Release|Any CPU
		{DBF48327-E1FD-4606-9A7D-9992F292ADEB}.Release|Any CPU.Build.0 = Release|Any CPU
	EndGlobalSection
	GlobalSection(SolutionProperties) = preSolution
		HideSolutionNode = FALSE
	EndGlobalSection
	GlobalSection(ExtensibilityGlobals) = postSolution
		SolutionGuid = {8527638D-8FED-4DD8-B3DC-2603FBDB08A8}
	EndGlobalSection
EndGlobal
